
Microsoft Visual Studio Solution File, Format Version 12.00
# Visual Studio Version 17
VisualStudioVersion = 17.2.32630.192
MinimumVisualStudioVersion = 10.0.40219.1
Project("{9A19103F-16F7-4668-BE54-9A1E7A4F7556}") = "TaskManagementSystem.API", "TaskManagementSystem.API.csproj", "{C8B9D999-5977-40B6-846B-2C08B5F2F6A7}"
EndProject
Project("{9A19103F-16F7-4668-BE54-9A1E7A4F7556}") = "TaskManagementSystem.Data", "..\TaskManagementSystem.Data\TaskManagementSystem.Data.csproj", "{2AB6F4FA-9605-41D5-9C38-DA215B1812E5}"
EndProject
Project("{9A19103F-16F7-4668-BE54-9A1E7A4F7556}") = "TaskManagementSystem.Dto", "..\TaskManagementSystem.DTO\TaskManagementSystem.Dto.csproj", "{CE163B89-7C1C-438F-AB30-D7ABF30D754F}"
EndProject
Project("{9A19103F-16F7-4668-BE54-9A1E7A4F7556}") = "TaskManagementSystem.Services", "..\TaskManagementSystem.Services\TaskManagementSystem.Services.csproj", "{A3E93614-65B9-4D51-ADB8-2899EC44FC00}"
EndProject
Project("{FAE04EC0-301F-11D3-BF4B-00C04F79EFBC}") = "TaskManagementSystem.Validators", "..\TaskManagementSystem.Validators\TaskManagementSystem.Validators.csproj", "{FE5E680E-95E1-4FB5-9A9E-832E4F6C7B38}"
EndProject
Global
	GlobalSection(SolutionConfigurationPlatforms) = preSolution
		Debug|Any CPU = Debug|Any CPU
		Release|Any CPU = Release|Any CPU
	EndGlobalSection
	GlobalSection(ProjectConfigurationPlatforms) = postSolution
		{C8B9D999-5977-40B6-846B-2C08B5F2F6A7}.Debug|Any CPU.ActiveCfg = Debug|Any CPU
		{C8B9D999-5977-40B6-846B-2C08B5F2F6A7}.Debug|Any CPU.Build.0 = Debug|Any CPU
		{C8B9D999-5977-40B6-846B-2C08B5F2F6A7}.Release|Any CPU.ActiveCfg = Release|Any CPU
		{C8B9D999-5977-40B6-846B-2C08B5F2F6A7}.Release|Any CPU.Build.0 = Release|Any CPU
		{2AB6F4FA-9605-41D5-9C38-DA215B1812E5}.Debug|Any CPU.ActiveCfg = Debug|Any CPU
		{2AB6F4FA-9605-41D5-9C38-DA215B1812E5}.Debug|Any CPU.Build.0 = Debug|Any CPU
		{2AB6F4FA-9605-41D5-9C38-DA215B1812E5}.Release|Any CPU.ActiveCfg = Release|Any CPU
		{2AB6F4FA-9605-41D5-9C38-DA215B1812E5}.Release|Any CPU.Build.0 = Release|Any CPU
		{CE163B89-7C1C-438F-AB30-D7ABF30D754F}.Debug|Any CPU.ActiveCfg = Debug|Any CPU
		{CE163B89-7C1C-438F-AB30-D7ABF30D754F}.Debug|Any CPU.Build.0 = Debug|Any CPU
		{CE163B89-7C1C-438F-AB30-D7ABF30D754F}.Release|Any CPU.ActiveCfg = Release|Any CPU
		{CE163B89-7C1C-438F-AB30-D7ABF30D754F}.Release|Any CPU.Build.0 = Release|Any CPU
		{A3E93614-65B9-4D51-ADB8-2899EC44FC00}.Debug|Any CPU.ActiveCfg = Debug|Any CPU
		{A3E93614-65B9-4D51-ADB8-2899EC44FC00}.Debug|Any CPU.Build.0 = Debug|Any CPU
		{A3E93614-65B9-4D51-ADB8-2899EC44FC00}.Release|Any CPU.ActiveCfg = Release|Any CPU
		{A3E93614-65B9-4D51-ADB8-2899EC44FC00}.Release|Any CPU.Build.0 = Release|Any CPU
		{FE5E680E-95E1-4FB5-9A9E-832E4F6C7B38}.Debug|Any CPU.ActiveCfg = Debug|Any CPU
		{FE5E680E-95E1-4FB5-9A9E-832E4F6C7B38}.Debug|Any CPU.Build.0 = Debug|Any CPU
		{FE5E680E-95E1-4FB5-9A9E-832E4F6C7B38}.Release|Any CPU.ActiveCfg = Release|Any CPU
		{FE5E680E-95E1-4FB5-9A9E-832E4F6C7B38}.Release|Any CPU.Build.0 = Release|Any CPU
	EndGlobalSection
	GlobalSection(SolutionProperties) = preSolution
		HideSolutionNode = FALSE
	EndGlobalSection
	GlobalSection(ExtensibilityGlobals) = postSolution
		SolutionGuid = {8C0B09FB-1A89-424D-BBF9-163CB471545A}
	EndGlobalSection
EndGlobal
